
Microsoft Visual Studio Solution File, Format Version 12.00
# Visual Studio Version 16
VisualStudioVersion = 16.0.30114.105
MinimumVisualStudioVersion = 10.0.40219.1
Project("{FAE04EC0-301F-11D3-BF4B-00C04F79EFBC}") = "BetterShell", "BetterShell\BetterShell.csproj", "{43DA8A7A-2A53-4CF1-B445-45E66CF982F3}"
EndProject
Project("{9A19103F-16F7-4668-BE54-9A1E7A4F7556}") = "ResetWorkarea", "ResetWorkarea\ResetWorkarea.csproj", "{6B1D3AEB-C5BB-4207-A3BB-AA0DF929250F}"
EndProject
Global
	GlobalSection(SolutionConfigurationPlatforms) = preSolution
		Debug|Any CPU = Debug|Any CPU
		Debug|x64 = Debug|x64
		Release|Any CPU = Release|Any CPU
		Release|x64 = Release|x64
	EndGlobalSection
	GlobalSection(ProjectConfigurationPlatforms) = postSolution
		{43DA8A7A-2A53-4CF1-B445-45E66CF982F3}.Debug|Any CPU.ActiveCfg = Debug|Any CPU
		{43DA8A7A-2A53-4CF1-B445-45E66CF982F3}.Debug|Any CPU.Build.0 = Debug|Any CPU
		{43DA8A7A-2A53-4CF1-B445-45E66CF982F3}.Debug|x64.ActiveCfg = Debug|x64
		{43DA8A7A-2A53-4CF1-B445-45E66CF982F3}.Debug|x64.Build.0 = Debug|x64
		{43DA8A7A-2A53-4CF1-B445-45E66CF982F3}.Release|Any CPU.ActiveCfg = Release|Any CPU
		{43DA8A7A-2A53-4CF1-B445-45E66CF982F3}.Release|Any CPU.Build.0 = Release|Any CPU
		{43DA8A7A-2A53-4CF1-B445-45E66CF982F3}.Release|x64.ActiveCfg = Release|x64
		{43DA8A7A-2A53-4CF1-B445-45E66CF982F3}.Release|x64.Build.0 = Release|x64
		{6B1D3AEB-C5BB-4207-A3BB-AA0DF929250F}.Debug|Any CPU.ActiveCfg = Debug|Any CPU
		{6B1D3AEB-C5BB-4207-A3BB-AA0DF929250F}.Debug|Any CPU.Build.0 = Debug|Any CPU
		{6B1D3AEB-C5BB-4207-A3BB-AA0DF929250F}.Debug|x64.ActiveCfg = Debug|Any CPU
		{6B1D3AEB-C5BB-4207-A3BB-AA0DF929250F}.Debug|x64.Build.0 = Debug|Any CPU
		{6B1D3AEB-C5BB-4207-A3BB-AA0DF929250F}.Release|Any CPU.ActiveCfg = Release|Any CPU
		{6B1D3AEB-C5BB-4207-A3BB-AA0DF929250F}.Release|Any CPU.Build.0 = Release|Any CPU
		{6B1D3AEB-C5BB-4207-A3BB-AA0DF929250F}.Release|x64.ActiveCfg = Release|Any CPU
		{6B1D3AEB-C5BB-4207-A3BB-AA0DF929250F}.Release|x64.Build.0 = Release|Any CPU
	EndGlobalSection
	GlobalSection(SolutionProperties) = preSolution
		HideSolutionNode = FALSE
	EndGlobalSection
	GlobalSection(ExtensibilityGlobals) = postSolution
		SolutionGuid = {B596EB9F-53C5-452B-9350-0501B127FBB6}
	EndGlobalSection
EndGlobal
